
Microsoft Visual Studio Solution File, Format Version 12.00
# Visual Studio Version 16
VisualStudioVersion = 16.0.31911.196
MinimumVisualStudioVersion = 10.0.40219.1
Project("{FAE04EC0-301F-11D3-BF4B-00C04F79EFBC}") = "WebbProjekt-yr3", "WebbProjekt-yr3.csproj", "{F8BFFEEE-788E-49A4-B5DA-BB3A08C830C1}"
EndProject
Global
	GlobalSection(SolutionConfigurationPlatforms) = preSolution
		Debug|Any CPU = Debug|Any CPU
		Release|Any CPU = Release|Any CPU
	EndGlobalSection
	GlobalSection(ProjectConfigurationPlatforms) = postSolution
		{F8BFFEEE-788E-49A4-B5DA-BB3A08C830C1}.Debug|Any CPU.ActiveCfg = Debug|Any CPU
		{F8BFFEEE-788E-49A4-B5DA-BB3A08C830C1}.Debug|Any CPU.Build.0 = Debug|Any CPU
		{F8BFFEEE-788E-49A4-B5DA-BB3A08C830C1}.Release|Any CPU.ActiveCfg = Release|Any CPU
		{F8BFFEEE-788E-49A4-B5DA-BB3A08C830C1}.Release|Any CPU.Build.0 = Release|Any CPU
	EndGlobalSection
	GlobalSection(SolutionProperties) = preSolution
		HideSolutionNode = FALSE
	EndGlobalSection
	GlobalSection(ExtensibilityGlobals) = postSolution
		SolutionGuid = {148EBCA8-BC7A-4596-B283-60322359C234}
	EndGlobalSection
EndGlobal
